Microsoft Visual Studio Solution File, Format Version 11.00
# Visual Studio 2008

Project("{67BDBD68-AF7E-21C8-4327-089C9984CD90}") = "ThousandCandles", "Assembly-CSharp.csproj", "{87F69410-C973-A1D5-EBDA-8769553080CB}"
EndProject
Global
	GlobalSection(SolutionConfigurationPlatforms) = preSolution
		Debug|Any CPU = Debug|Any CPU
		Release|Any CPU = Release|Any CPU
	EndGlobalSection
	GlobalSection(ProjectConfigurationPlatforms) = postSolution
		{87F69410-C973-A1D5-EBDA-8769553080CB}.Debug|Any CPU.ActiveCfg = Debug|Any CPU
		{87F69410-C973-A1D5-EBDA-8769553080CB}.Debug|Any CPU.Build.0 = Debug|Any CPU
		{87F69410-C973-A1D5-EBDA-8769553080CB}.Release|Any CPU.ActiveCfg = Release|Any CPU
		{87F69410-C973-A1D5-EBDA-8769553080CB}.Release|Any CPU.Build.0 = Release|Any CPU
	EndGlobalSection
	GlobalSection(SolutionProperties) = preSolution
		HideSolutionNode = FALSE
	EndGlobalSection
	
EndGlobal
